
Microsoft Visual Studio Solution File, Format Version 12.00
# Visual Studio Version 17
VisualStudioVersion = 17.7.34018.315
MinimumVisualStudioVersion = 10.0.40219.1
Project("{FAE04EC0-301F-11D3-BF4B-00C04F79EFBC}") = "CSHelloWorld", "CSHelloWorld\CSHelloWorld.csproj", "{82794556-3810-433A-AB57-B300DC2B357B}"
EndProject
Global
	GlobalSection(SolutionConfigurationPlatforms) = preSolution
		Debug|Any CPU = Debug|Any CPU
		Release|Any CPU = Release|Any CPU
	EndGlobalSection
	GlobalSection(ProjectConfigurationPlatforms) = postSolution
		{82794556-3810-433A-AB57-B300DC2B357B}.Debug|Any CPU.ActiveCfg = Debug|Any CPU
		{82794556-3810-433A-AB57-B300DC2B357B}.Debug|Any CPU.Build.0 = Debug|Any CPU
		{82794556-3810-433A-AB57-B300DC2B357B}.Release|Any CPU.ActiveCfg = Release|Any CPU
		{82794556-3810-433A-AB57-B300DC2B357B}.Release|Any CPU.Build.0 = Release|Any CPU
	EndGlobalSection
	GlobalSection(SolutionProperties) = preSolution
		HideSolutionNode = FALSE
	EndGlobalSection
	GlobalSection(ExtensibilityGlobals) = postSolution
		SolutionGuid = {7E6E60EF-8E0B-402C-A315-62B3D98DB038}
	EndGlobalSection
EndGlobal
