
Microsoft Visual Studio Solution File, Format Version 12.00
# Visual Studio Version 17
VisualStudioVersion = 17.7.34018.315
MinimumVisualStudioVersion = 10.0.40219.1
Project("{FAE04EC0-301F-11D3-BF4B-00C04F79EFBC}") = "CS015_NameSpace", "CS015_NameSpace\CS015_NameSpace.csproj", "{F163031E-897B-4B09-BEB4-0943CE74BA64}"
EndProject
Global
	GlobalSection(SolutionConfigurationPlatforms) = preSolution
		Debug|Any CPU = Debug|Any CPU
		Release|Any CPU = Release|Any CPU
	EndGlobalSection
	GlobalSection(ProjectConfigurationPlatforms) = postSolution
		{F163031E-897B-4B09-BEB4-0943CE74BA64}.Debug|Any CPU.ActiveCfg = Debug|Any CPU
		{F163031E-897B-4B09-BEB4-0943CE74BA64}.Debug|Any CPU.Build.0 = Debug|Any CPU
		{F163031E-897B-4B09-BEB4-0943CE74BA64}.Release|Any CPU.ActiveCfg = Release|Any CPU
		{F163031E-897B-4B09-BEB4-0943CE74BA64}.Release|Any CPU.Build.0 = Release|Any CPU
	EndGlobalSection
	GlobalSection(SolutionProperties) = preSolution
		HideSolutionNode = FALSE
	EndGlobalSection
	GlobalSection(ExtensibilityGlobals) = postSolution
		SolutionGuid = {2A22C665-5310-41B4-97D5-D4254B40C884}
	EndGlobalSection
EndGlobal
